
Microsoft Visual Studio Solution File, Format Version 12.00
# Visual Studio Version 16
VisualStudioVersion = 16.0.30523.141
MinimumVisualStudioVersion = 10.0.40219.1
Project("{FAE04EC0-301F-11D3-BF4B-00C04F79EFBC}") = "SwedenRun", "SwedenRun\SwedenRun.csproj", "{4925DE18-A858-4DD8-9E2E-F708A96B881E}"
EndProject
Global
	GlobalSection(SolutionConfigurationPlatforms) = preSolution
		Debug|Any CPU = Debug|Any CPU
		Release|Any CPU = Release|Any CPU
	EndGlobalSection
	GlobalSection(ProjectConfigurationPlatforms) = postSolution
		{4925DE18-A858-4DD8-9E2E-F708A96B881E}.Debug|Any CPU.ActiveCfg = Debug|Any CPU
		{4925DE18-A858-4DD8-9E2E-F708A96B881E}.Debug|Any CPU.Build.0 = Debug|Any CPU
		{4925DE18-A858-4DD8-9E2E-F708A96B881E}.Release|Any CPU.ActiveCfg = Release|Any CPU
		{4925DE18-A858-4DD8-9E2E-F708A96B881E}.Release|Any CPU.Build.0 = Release|Any CPU
	EndGlobalSection
	GlobalSection(SolutionProperties) = preSolution
		HideSolutionNode = FALSE
	EndGlobalSection
	GlobalSection(ExtensibilityGlobals) = postSolution
		SolutionGuid = {3D80A5D4-5273-4746-B274-F6A18F899F4C}
	EndGlobalSection
EndGlobal
